PODS:
  - Expecta (1.0.6)
  - JPSimulatorHacks (1.4.2):
    - JPSimulatorHacks/standard (= 1.4.2)
  - JPSimulatorHacks/standard (1.4.2)
  - OCMock (3.4.1)
  - Quick (1.2.0)

DEPENDENCIES:
  - Expecta
  - JPSimulatorHacks
  - OCMock (~> 3.3)
  - Quick

SPEC CHECKSUMS:
  Expecta: 3b6bd90a64b9a1dcb0b70aa0e10a7f8f631667d5
  JPSimulatorHacks: 28428b30259eb93ad558ac3f2c608acd2133a14b
  OCMock: 2cd0716969bab32a2283ff3a46fd26a8c8b4c5e3
  Quick: 58d203b1c5e27fff7229c4c1ae445ad7069a7a08

PODFILE CHECKSUM: edbea2c31a9e60031c121919250f105d1c5174ef

COCOAPODS: 1.2.1
