PODS:
  - Expecta (1.0.5)
  - JPSimulatorHacks (1.4.0)
  - OCMock (3.3.1)
  - Quick (0.9.3)

DEPENDENCIES:
  - Expecta
  - JPSimulatorHacks
  - OCMock (~> 3.3)
  - Quick

SPEC CHECKSUMS:
  Expecta: e1c022fcd33910b6be89c291d2775b3fe27a89fe
  JPSimulatorHacks: 41580ec46fe32c941799d7d970feccc8daf16319
  OCMock: f3f61e6eaa16038c30caa5798c5e49d3307b6f22
  Quick: 13a2a2b19a5d8e3ed4fd0c36ee46597fd77ebf71

PODFILE CHECKSUM: edbea2c31a9e60031c121919250f105d1c5174ef

COCOAPODS: 1.0.1
