// !$*UTF8*$!
{
	archiveVersion = 1;
	classes = {
	};
	objectVersion = 46;
	objects = {

/* Begin PBXBuildFile section */
		2C95A9DEF91C5E4FD6386113 /* Pods_ContactsWrapperTests.framework in Frameworks */ = {isa = PBXBuildFile; fileRef = 2F9D0174F331D4988C0D983F /* Pods_ContactsWrapperTests.framework */; };
		37B6866502622B0E88E29F4F /* libPods-ContactsWrapper.a in Frameworks */ = {isa = PBXBuildFile; fileRef = 1238611A2D5B9BF3B07D6A18 /* libPods-ContactsWrapper.a */; };
		A43E61291D55622600FA5E9A /* ContactsTableViewController.m in Sources */ = {isa = PBXBuildFile; fileRef = A43E61281D55622600FA5E9A /* ContactsTableViewController.m */; };
		A469FE4C1D5BE2A9007E0CFD /* AppDelegate.m in Sources */ = {isa = PBXBuildFile; fileRef = A469FE4A1D5BE2A9007E0CFD /* AppDelegate.m */; };
		A469FE501D5BE2D7007E0CFD /* main.m in Sources */ = {isa = PBXBuildFile; fileRef = A469FE4F1D5BE2D7007E0CFD /* main.m */; };
		A484AE611D4FBD0C00ED9305 /* Main.storyboard in Resources */ = {isa = PBXBuildFile; fileRef = A484AE5F1D4FBD0C00ED9305 /* Main.storyboard */; };
		A484AE631D4FBD0C00ED9305 /* Assets.xcassets in Resources */ = {isa = PBXBuildFile; fileRef = A484AE621D4FBD0C00ED9305 /* Assets.xcassets */; };
		A484AE661D4FBD0C00ED9305 /* LaunchScreen.storyboard in Resources */ = {isa = PBXBuildFile; fileRef = A484AE641D4FBD0C00ED9305 /* LaunchScreen.storyboard */; };
		A484AE711D4FBD0C00ED9305 /* ContactsWrapperTests.m in Sources */ = {isa = PBXBuildFile; fileRef = A484AE701D4FBD0C00ED9305 /* ContactsWrapperTests.m */; };
		A484AE7C1D4FBD1E00ED9305 /* Contacts.framework in Frameworks */ = {isa = PBXBuildFile; fileRef = A484AE7B1D4FBD1E00ED9305 /* Contacts.framework */; };
		A4AC504E1D57BEA1007B445D /* ContactsWrapper.m in Sources */ = {isa = PBXBuildFile; fileRef = A4AC504D1D57BEA1007B445D /* ContactsWrapper.m */; };
		A4E4A60B1DF88D4500CD88C8 /* ContactsWrapperFramework.h in Headers */ = {isa = PBXBuildFile; fileRef = A4E4A6091DF88D4500CD88C8 /* ContactsWrapperFramework.h */; settings = {ATTRIBUTES = (Public, ); }; };
		A4E4A60E1DF88D4500CD88C8 /* ContactsWrapperFramework.framework in Frameworks */ = {isa = PBXBuildFile; fileRef = A4E4A6071DF88D4500CD88C8 /* ContactsWrapperFramework.framework */; };
		A4E4A6101DF88D4500CD88C8 /* ContactsWrapperFramework.framework in Embed Frameworks */ = {isa = PBXBuildFile; fileRef = A4E4A6071DF88D4500CD88C8 /* ContactsWrapperFramework.framework */; settings = {ATTRIBUTES = (CodeSignOnCopy, RemoveHeadersOnCopy, ); }; };
		A4E4A6151DF88D4D00CD88C8 /* ContactsWrapper.m in Sources */ = {isa = PBXBuildFile; fileRef = A4AC504D1D57BEA1007B445D /* ContactsWrapper.m */; };
/* End PBXBuildFile section */

/* Begin PBXContainerItemProxy section */
		A484AE6D1D4FBD0C00ED9305 /* PBXContainerItemProxy */ = {
			isa = PBXContainerItemProxy;
			containerPortal = A484AE4B1D4FBD0C00ED9305 /* Project object */;
			proxyType = 1;
			remoteGlobalIDString = A484AE521D4FBD0C00ED9305;
			remoteInfo = ContactsWrapper;
		};
		A4E4A60C1DF88D4500CD88C8 /* PBXContainerItemProxy */ = {
			isa = PBXContainerItemProxy;
			containerPortal = A484AE4B1D4FBD0C00ED9305 /* Project object */;
			proxyType = 1;
			remoteGlobalIDString = A4E4A6061DF88D4500CD88C8;
			remoteInfo = ContactsWrapperFramework;
		};
/* End PBXContainerItemProxy section */

/* Begin PBXCopyFilesBuildPhase section */
		A4E4A60F1DF88D4500CD88C8 /* Embed Frameworks */ = {
			isa = PBXCopyFilesBuildPhase;
			buildActionMask = 2147483647;
			dstPath = "";
			dstSubfolderSpec = 10;
			files = (
				A4E4A6101DF88D4500CD88C8 /* ContactsWrapperFramework.framework in Embed Frameworks */,
			);
			name = "Embed Frameworks";
			runOnlyForDeploymentPostprocessing = 0;
		};
/* End PBXCopyFilesBuildPhase section */

/* Begin PBXFileReference section */
		1238611A2D5B9BF3B07D6A18 /* libPods-ContactsWrapper.a */ = {isa = PBXFileReference; explicitFileType = archive.ar; includeInIndex = 0; path = "libPods-ContactsWrapper.a"; sourceTree = BUILT_PRODUCTS_DIR; };
		25EBA6191C78548C584ACC73 /* Pods-ContactsWrapper.release.xcconfig */ = {isa = PBXFileReference; includeInIndex = 1; lastKnownFileType = text.xcconfig; name = "Pods-ContactsWrapper.release.xcconfig"; path = "Pods/Target Support Files/Pods-ContactsWrapper/Pods-ContactsWrapper.release.xcconfig"; sourceTree = "<group>"; };
		2F9D0174F331D4988C0D983F /* Pods_ContactsWrapperTests.framework */ = {isa = PBXFileReference; explicitFileType = wrapper.framework; includeInIndex = 0; path = Pods_ContactsWrapperTests.framework; sourceTree = BUILT_PRODUCTS_DIR; };
		390F2C2D2907318CFF18B955 /* Pods-ContactsWrapper.debug.xcconfig */ = {isa = PBXFileReference; includeInIndex = 1; lastKnownFileType = text.xcconfig; name = "Pods-ContactsWrapper.debug.xcconfig"; path = "Pods/Target Support Files/Pods-ContactsWrapper/Pods-ContactsWrapper.debug.xcconfig"; sourceTree = "<group>"; };
		A43E61271D55622600FA5E9A /* ContactsTableViewController.h */ = {isa = PBXFileReference; fileEncoding = 4; lastKnownFileType = sourcecode.c.h; name = ContactsTableViewController.h; path = Sample/ContactsTableViewController.h; sourceTree = "<group>"; };
		A43E61281D55622600FA5E9A /* ContactsTableViewController.m */ = {isa = PBXFileReference; fileEncoding = 4; lastKnownFileType = sourcecode.c.objc; name = ContactsTableViewController.m; path = Sample/ContactsTableViewController.m; sourceTree = "<group>"; };
		A469FE491D5BE2A9007E0CFD /* AppDelegate.h */ = {isa = PBXFileReference; fileEncoding = 4; lastKnownFileType = sourcecode.c.h; name = AppDelegate.h; path = Sample/AppDelegate.h; sourceTree = "<group>"; };
		A469FE4A1D5BE2A9007E0CFD /* AppDelegate.m */ = {isa = PBXFileReference; fileEncoding = 4; lastKnownFileType = sourcecode.c.objc; name = AppDelegate.m; path = Sample/AppDelegate.m; sourceTree = "<group>"; };
		A469FE4F1D5BE2D7007E0CFD /* main.m */ = {isa = PBXFileReference; fileEncoding = 4; lastKnownFileType = sourcecode.c.objc; name = main.m; path = "Sample/Supporting Files/main.m"; sourceTree = "<group>"; };
		A484AE531D4FBD0C00ED9305 /* ContactsWrapper.app */ = {isa = PBXFileReference; explicitFileType = wrapper.application; includeInIndex = 0; path = ContactsWrapper.app; sourceTree = BUILT_PRODUCTS_DIR; };
		A484AE601D4FBD0C00ED9305 /* Base */ = {isa = PBXFileReference; lastKnownFileType = file.storyboard; name = Base; path = Base.lproj/Main.storyboard; sourceTree = "<group>"; };
		A484AE621D4FBD0C00ED9305 /* Assets.xcassets */ = {isa = PBXFileReference; lastKnownFileType = folder.assetcatalog; path = Assets.xcassets; sourceTree = "<group>"; };
		A484AE651D4FBD0C00ED9305 /* Base */ = {isa = PBXFileReference; lastKnownFileType = file.storyboard; name = Base; path = Base.lproj/LaunchScreen.storyboard; sourceTree = "<group>"; };
		A484AE671D4FBD0C00ED9305 /* Info.plist */ = {isa = PBXFileReference; lastKnownFileType = text.plist.xml; path = Info.plist; sourceTree = "<group>"; };
		A484AE6C1D4FBD0C00ED9305 /* ContactsWrapperTests.xctest */ = {isa = PBXFileReference; explicitFileType = wrapper.cfbundle; includeInIndex = 0; path = ContactsWrapperTests.xctest; sourceTree = BUILT_PRODUCTS_DIR; };
		A484AE701D4FBD0C00ED9305 /* ContactsWrapperTests.m */ = {isa = PBXFileReference; lastKnownFileType = sourcecode.c.objc; path = ContactsWrapperTests.m; sourceTree = "<group>"; };
		A484AE721D4FBD0C00ED9305 /* Info.plist */ = {isa = PBXFileReference; lastKnownFileType = text.plist.xml; path = Info.plist; sourceTree = "<group>"; };
		A484AE7B1D4FBD1E00ED9305 /* Contacts.framework */ = {isa = PBXFileReference; lastKnownFileType = wrapper.framework; name = Contacts.framework; path = System/Library/Frameworks/Contacts.framework; sourceTree = SDKROOT; };
		A4AC504C1D57BEA1007B445D /* ContactsWrapper.h */ = {isa = PBXFileReference; fileEncoding = 4; lastKnownFileType = sourcecode.c.h; name = ContactsWrapper.h; path = Source/ContactsWrapper.h; sourceTree = "<group>"; };
		A4AC504D1D57BEA1007B445D /* ContactsWrapper.m */ = {isa = PBXFileReference; fileEncoding = 4; lastKnownFileType = sourcecode.c.objc; name = ContactsWrapper.m; path = Source/ContactsWrapper.m; sourceTree = "<group>"; };
		A4E4A6071DF88D4500CD88C8 /* ContactsWrapperFramework.framework */ = {isa = PBXFileReference; explicitFileType = wrapper.framework; includeInIndex = 0; path = ContactsWrapperFramework.framework; sourceTree = BUILT_PRODUCTS_DIR; };
		A4E4A6091DF88D4500CD88C8 /* ContactsWrapperFramework.h */ = {isa = PBXFileReference; lastKnownFileType = sourcecode.c.h; path = ContactsWrapperFramework.h; sourceTree = "<group>"; };
		A4E4A60A1DF88D4500CD88C8 /* Info.plist */ = {isa = PBXFileReference; lastKnownFileType = text.plist.xml; path = Info.plist; sourceTree = "<group>"; };
		F21EEBE81D1BE4B05FBEDC62 /* Pods-ContactsWrapperTests.debug.xcconfig */ = {isa = PBXFileReference; includeInIndex = 1; lastKnownFileType = text.xcconfig; name = "Pods-ContactsWrapperTests.debug.xcconfig"; path = "Pods/Target Support Files/Pods-ContactsWrapperTests/Pods-ContactsWrapperTests.debug.xcconfig"; sourceTree = "<group>"; };
		F97E5DAEDEEA09752BF1D106 /* Pods-ContactsWrapperTests.release.xcconfig */ = {isa = PBXFileReference; includeInIndex = 1; lastKnownFileType = text.xcconfig; name = "Pods-ContactsWrapperTests.release.xcconfig"; path = "Pods/Target Support Files/Pods-ContactsWrapperTests/Pods-ContactsWrapperTests.release.xcconfig"; sourceTree = "<group>"; };
/* End PBXFileReference section */

/* Begin PBXFrameworksBuildPhase section */
		A484AE501D4FBD0C00ED9305 /* Frameworks */ = {
			isa = PBXFrameworksBuildPhase;
			buildActionMask = 2147483647;
			files = (
				A484AE7C1D4FBD1E00ED9305 /* Contacts.framework in Frameworks */,
				A4E4A60E1DF88D4500CD88C8 /* ContactsWrapperFramework.framework in Frameworks */,
				37B6866502622B0E88E29F4F /* libPods-ContactsWrapper.a in Frameworks */,
			);
			runOnlyForDeploymentPostprocessing = 0;
		};
		A484AE691D4FBD0C00ED9305 /* Frameworks */ = {
			isa = PBXFrameworksBuildPhase;
			buildActionMask = 2147483647;
			files = (
				2C95A9DEF91C5E4FD6386113 /* Pods_ContactsWrapperTests.framework in Frameworks */,
			);
			runOnlyForDeploymentPostprocessing = 0;
		};
		A4E4A6031DF88D4500CD88C8 /* Frameworks */ = {
			isa = PBXFrameworksBuildPhase;
			buildActionMask = 2147483647;
			files = (
			);
			runOnlyForDeploymentPostprocessing = 0;
		};
/* End PBXFrameworksBuildPhase section */

/* Begin PBXGroup section */
		6E340F98BF5B4165AF6EDFC8 /* Pods */ = {
			isa = PBXGroup;
			children = (
				390F2C2D2907318CFF18B955 /* Pods-ContactsWrapper.debug.xcconfig */,
				25EBA6191C78548C584ACC73 /* Pods-ContactsWrapper.release.xcconfig */,
				F21EEBE81D1BE4B05FBEDC62 /* Pods-ContactsWrapperTests.debug.xcconfig */,
				F97E5DAEDEEA09752BF1D106 /* Pods-ContactsWrapperTests.release.xcconfig */,
			);
			name = Pods;
			sourceTree = "<group>";
		};
		976E3C00660575381E55EFF6 /* Frameworks */ = {
			isa = PBXGroup;
			children = (
				1238611A2D5B9BF3B07D6A18 /* libPods-ContactsWrapper.a */,
				2F9D0174F331D4988C0D983F /* Pods_ContactsWrapperTests.framework */,
			);
			name = Frameworks;
			sourceTree = "<group>";
		};
		A43E61231D5561BE00FA5E9A /* Sample */ = {
			isa = PBXGroup;
			children = (
				A469FE491D5BE2A9007E0CFD /* AppDelegate.h */,
				A469FE4A1D5BE2A9007E0CFD /* AppDelegate.m */,
				A43E61271D55622600FA5E9A /* ContactsTableViewController.h */,
				A43E61281D55622600FA5E9A /* ContactsTableViewController.m */,
				A469FE4E1D5BE2CB007E0CFD /* Supporting Files */,
			);
			name = Sample;
			sourceTree = "<group>";
		};
		A469FE4E1D5BE2CB007E0CFD /* Supporting Files */ = {
			isa = PBXGroup;
			children = (
				A469FE4F1D5BE2D7007E0CFD /* main.m */,
			);
			name = "Supporting Files";
			sourceTree = "<group>";
		};
		A484AE4A1D4FBD0C00ED9305 = {
			isa = PBXGroup;
			children = (
				A484AE7B1D4FBD1E00ED9305 /* Contacts.framework */,
				A484AE551D4FBD0C00ED9305 /* ContactsWrapper */,
				A484AE6F1D4FBD0C00ED9305 /* ContactsWrapperTests */,
				A4E4A6081DF88D4500CD88C8 /* ContactsWrapperFramework */,
				A484AE541D4FBD0C00ED9305 /* Products */,
				6E340F98BF5B4165AF6EDFC8 /* Pods */,
				976E3C00660575381E55EFF6 /* Frameworks */,
			);
			sourceTree = "<group>";
		};
		A484AE541D4FBD0C00ED9305 /* Products */ = {
			isa = PBXGroup;
			children = (
				A484AE531D4FBD0C00ED9305 /* ContactsWrapper.app */,
				A484AE6C1D4FBD0C00ED9305 /* ContactsWrapperTests.xctest */,
				A4E4A6071DF88D4500CD88C8 /* ContactsWrapperFramework.framework */,
			);
			name = Products;
			sourceTree = "<group>";
		};
		A484AE551D4FBD0C00ED9305 /* ContactsWrapper */ = {
			isa = PBXGroup;
			children = (
				A43E61231D5561BE00FA5E9A /* Sample */,
				A4AC504B1D57BE91007B445D /* Source */,
				A484AE5F1D4FBD0C00ED9305 /* Main.storyboard */,
				A484AE621D4FBD0C00ED9305 /* Assets.xcassets */,
				A484AE641D4FBD0C00ED9305 /* LaunchScreen.storyboard */,
				A484AE671D4FBD0C00ED9305 /* Info.plist */,
			);
			path = ContactsWrapper;
			sourceTree = "<group>";
		};
		A484AE6F1D4FBD0C00ED9305 /* ContactsWrapperTests */ = {
			isa = PBXGroup;
			children = (
				A484AE701D4FBD0C00ED9305 /* ContactsWrapperTests.m */,
				A484AE721D4FBD0C00ED9305 /* Info.plist */,
			);
			path = ContactsWrapperTests;
			sourceTree = "<group>";
		};
		A4AC504B1D57BE91007B445D /* Source */ = {
			isa = PBXGroup;
			children = (
				A4AC504C1D57BEA1007B445D /* ContactsWrapper.h */,
				A4AC504D1D57BEA1007B445D /* ContactsWrapper.m */,
			);
			name = Source;
			sourceTree = "<group>";
		};
		A4E4A6081DF88D4500CD88C8 /* ContactsWrapperFramework */ = {
			isa = PBXGroup;
			children = (
				A4E4A6091DF88D4500CD88C8 /* ContactsWrapperFramework.h */,
				A4E4A60A1DF88D4500CD88C8 /* Info.plist */,
			);
			path = ContactsWrapperFramework;
			sourceTree = "<group>";
		};
/* End PBXGroup section */

/* Begin PBXHeadersBuildPhase section */
		A4E4A6041DF88D4500CD88C8 /* Headers */ = {
			isa = PBXHeadersBuildPhase;
			buildActionMask = 2147483647;
			files = (
				A4E4A60B1DF88D4500CD88C8 /* ContactsWrapperFramework.h in Headers */,
			);
			runOnlyForDeploymentPostprocessing = 0;
		};
/* End PBXHeadersBuildPhase section */

/* Begin PBXNativeTarget section */
		A484AE521D4FBD0C00ED9305 /* ContactsWrapper */ = {
			isa = PBXNativeTarget;
			buildConfigurationList = A484AE751D4FBD0C00ED9305 /* Build configuration list for PBXNativeTarget "ContactsWrapper" */;
			buildPhases = (
				C964BA8C269152111FE512BE /* [CP] Check Pods Manifest.lock */,
				A484AE4F1D4FBD0C00ED9305 /* Sources */,
				A484AE501D4FBD0C00ED9305 /* Frameworks */,
				A484AE511D4FBD0C00ED9305 /* Resources */,
				8C2537CB80881A0B2C213495 /* [CP] Embed Pods Frameworks */,
				794340481A3A24227D31A57F /* [CP] Copy Pods Resources */,
				A4E4A60F1DF88D4500CD88C8 /* Embed Frameworks */,
			);
			buildRules = (
			);
			dependencies = (
				A4E4A60D1DF88D4500CD88C8 /* PBXTargetDependency */,
			);
			name = ContactsWrapper;
			productName = ContactsWrapper;
			productReference = A484AE531D4FBD0C00ED9305 /* ContactsWrapper.app */;
			productType = "com.apple.product-type.application";
		};
		A484AE6B1D4FBD0C00ED9305 /* ContactsWrapperTests */ = {
			isa = PBXNativeTarget;
			buildConfigurationList = A484AE781D4FBD0C00ED9305 /* Build configuration list for PBXNativeTarget "ContactsWrapperTests" */;
			buildPhases = (
				80B4BF123D261B3B01FB07BA /* [CP] Check Pods Manifest.lock */,
				A484AE681D4FBD0C00ED9305 /* Sources */,
				A484AE691D4FBD0C00ED9305 /* Frameworks */,
				A484AE6A1D4FBD0C00ED9305 /* Resources */,
				912C59C746E2631FBD83856E /* [CP] Embed Pods Frameworks */,
				553BC6FAD330519425231277 /* [CP] Copy Pods Resources */,
			);
			buildRules = (
			);
			dependencies = (
				A484AE6E1D4FBD0C00ED9305 /* PBXTargetDependency */,
			);
			name = ContactsWrapperTests;
			productName = ContactsWrapperTests;
			productReference = A484AE6C1D4FBD0C00ED9305 /* ContactsWrapperTests.xctest */;
			productType = "com.apple.product-type.bundle.unit-test";
		};
		A4E4A6061DF88D4500CD88C8 /* ContactsWrapperFramework */ = {
			isa = PBXNativeTarget;
			buildConfigurationList = A4E4A6131DF88D4500CD88C8 /* Build configuration list for PBXNativeTarget "ContactsWrapperFramework" */;
			buildPhases = (
				A4E4A6021DF88D4500CD88C8 /* Sources */,
				A4E4A6031DF88D4500CD88C8 /* Frameworks */,
				A4E4A6041DF88D4500CD88C8 /* Headers */,
				A4E4A6051DF88D4500CD88C8 /* Resources */,
			);
			buildRules = (
			);
			dependencies = (
			);
			name = ContactsWrapperFramework;
			productName = ContactsWrapperFramework;
			productReference = A4E4A6071DF88D4500CD88C8 /* ContactsWrapperFramework.framework */;
			productType = "com.apple.product-type.framework";
		};
/* End PBXNativeTarget section */

/* Begin PBXProject section */
		A484AE4B1D4FBD0C00ED9305 /* Project object */ = {
			isa = PBXProject;
			attributes = {
				LastUpgradeCheck = 0920;
				ORGANIZATIONNAME = "Abdullah Selek";
				TargetAttributes = {
					A484AE521D4FBD0C00ED9305 = {
						CreatedOnToolsVersion = 7.3.1;
						DevelopmentTeam = 5EHDAGHZ78;
					};
					A484AE6B1D4FBD0C00ED9305 = {
						CreatedOnToolsVersion = 7.3.1;
						TestTargetID = A484AE521D4FBD0C00ED9305;
					};
					A4E4A6061DF88D4500CD88C8 = {
						CreatedOnToolsVersion = 8.1;
						ProvisioningStyle = Automatic;
					};
				};
			};
			buildConfigurationList = A484AE4E1D4FBD0C00ED9305 /* Build configuration list for PBXProject "ContactsWrapper" */;
			compatibilityVersion = "Xcode 3.2";
			developmentRegion = English;
			hasScannedForEncodings = 0;
			knownRegions = (
				en,
				Base,
			);
			mainGroup = A484AE4A1D4FBD0C00ED9305;
			productRefGroup = A484AE541D4FBD0C00ED9305 /* Products */;
			projectDirPath = "";
			projectRoot = "";
			targets = (
				A484AE521D4FBD0C00ED9305 /* ContactsWrapper */,
				A484AE6B1D4FBD0C00ED9305 /* ContactsWrapperTests */,
				A4E4A6061DF88D4500CD88C8 /* ContactsWrapperFramework */,
			);
		};
/* End PBXProject section */

/* Begin PBXResourcesBuildPhase section */
		A484AE511D4FBD0C00ED9305 /* Resources */ = {
			isa = PBXResourcesBuildPhase;
			buildActionMask = 2147483647;
			files = (
				A484AE661D4FBD0C00ED9305 /* LaunchScreen.storyboard in Resources */,
				A484AE631D4FBD0C00ED9305 /* Assets.xcassets in Resources */,
				A484AE611D4FBD0C00ED9305 /* Main.storyboard in Resources */,
			);
			runOnlyForDeploymentPostprocessing = 0;
		};
		A484AE6A1D4FBD0C00ED9305 /* Resources */ = {
			isa = PBXResourcesBuildPhase;
			buildActionMask = 2147483647;
			files = (
			);
			runOnlyForDeploymentPostprocessing = 0;
		};
		A4E4A6051DF88D4500CD88C8 /* Resources */ = {
			isa = PBXResourcesBuildPhase;
			buildActionMask = 2147483647;
			files = (
			);
			runOnlyForDeploymentPostprocessing = 0;
		};
/* End PBXResourcesBuildPhase section */

/* Begin PBXShellScriptBuildPhase section */
		553BC6FAD330519425231277 /* [CP] Copy Pods Resources */ = {
			isa = PBXShellScriptBuildPhase;
			buildActionMask = 2147483647;
			files = (
			);
			inputPaths = (
			);
			name = "[CP] Copy Pods Resources";
			outputPaths = (
			);
			runOnlyForDeploymentPostprocessing = 0;
			shellPath = /bin/sh;
			shellScript = "\"${SRCROOT}/Pods/Target Support Files/Pods-ContactsWrapperTests/Pods-ContactsWrapperTests-resources.sh\"\n";
			showEnvVarsInLog = 0;
		};
		794340481A3A24227D31A57F /* [CP] Copy Pods Resources */ = {
			isa = PBXShellScriptBuildPhase;
			buildActionMask = 2147483647;
			files = (
			);
			inputPaths = (
			);
			name = "[CP] Copy Pods Resources";
			outputPaths = (
			);
			runOnlyForDeploymentPostprocessing = 0;
			shellPath = /bin/sh;
			shellScript = "\"${SRCROOT}/Pods/Target Support Files/Pods-ContactsWrapper/Pods-ContactsWrapper-resources.sh\"\n";
			showEnvVarsInLog = 0;
		};
		80B4BF123D261B3B01FB07BA /* [CP] Check Pods Manifest.lock */ = {
			isa = PBXShellScriptBuildPhase;
			buildActionMask = 2147483647;
			files = (
			);
			inputPaths = (
			);
			name = "[CP] Check Pods Manifest.lock";
			outputPaths = (
			);
			runOnlyForDeploymentPostprocessing = 0;
			shellPath = /bin/sh;
			shellScript = "diff \"${PODS_PODFILE_DIR_PATH}/Podfile.lock\" \"${PODS_ROOT}/Manifest.lock\" > /dev/null\nif [ $? != 0 ] ; then\n    # print error to STDERR\n    echo \"error: The sandbox is not in sync with the Podfile.lock. Run 'pod install' or update your CocoaPods installation.\" >&2\n    exit 1\nfi\n";
			showEnvVarsInLog = 0;
		};
		8C2537CB80881A0B2C213495 /* [CP] Embed Pods Frameworks */ = {
			isa = PBXShellScriptBuildPhase;
			buildActionMask = 2147483647;
			files = (
			);
			inputPaths = (
			);
			name = "[CP] Embed Pods Frameworks";
			outputPaths = (
			);
			runOnlyForDeploymentPostprocessing = 0;
			shellPath = /bin/sh;
			shellScript = "\"${SRCROOT}/Pods/Target Support Files/Pods-ContactsWrapper/Pods-ContactsWrapper-frameworks.sh\"\n";
			showEnvVarsInLog = 0;
		};
		912C59C746E2631FBD83856E /* [CP] Embed Pods Frameworks */ = {
			isa = PBXShellScriptBuildPhase;
			buildActionMask = 2147483647;
			files = (
			);
			inputPaths = (
			);
			name = "[CP] Embed Pods Frameworks";
			outputPaths = (
			);
			runOnlyForDeploymentPostprocessing = 0;
			shellPath = /bin/sh;
			shellScript = "\"${SRCROOT}/Pods/Target Support Files/Pods-ContactsWrapperTests/Pods-ContactsWrapperTests-frameworks.sh\"\n";
			showEnvVarsInLog = 0;
		};
		C964BA8C269152111FE512BE /* [CP] Check Pods Manifest.lock */ = {
			isa = PBXShellScriptBuildPhase;
			buildActionMask = 2147483647;
			files = (
			);
			inputPaths = (
			);
			name = "[CP] Check Pods Manifest.lock";
			outputPaths = (
			);
			runOnlyForDeploymentPostprocessing = 0;
			shellPath = /bin/sh;
			shellScript = "diff \"${PODS_PODFILE_DIR_PATH}/Podfile.lock\" \"${PODS_ROOT}/Manifest.lock\" > /dev/null\nif [ $? != 0 ] ; then\n    # print error to STDERR\n    echo \"error: The sandbox is not in sync with the Podfile.lock. Run 'pod install' or update your CocoaPods installation.\" >&2\n    exit 1\nfi\n";
			showEnvVarsInLog = 0;
		};
/* End PBXShellScriptBuildPhase section */

/* Begin PBXSourcesBuildPhase section */
		A484AE4F1D4FBD0C00ED9305 /* Sources */ = {
			isa = PBXSourcesBuildPhase;
			buildActionMask = 2147483647;
			files = (
				A4AC504E1D57BEA1007B445D /* ContactsWrapper.m in Sources */,
				A43E61291D55622600FA5E9A /* ContactsTableViewController.m in Sources */,
				A469FE501D5BE2D7007E0CFD /* main.m in Sources */,
				A469FE4C1D5BE2A9007E0CFD /* AppDelegate.m in Sources */,
			);
			runOnlyForDeploymentPostprocessing = 0;
		};
		A484AE681D4FBD0C00ED9305 /* Sources */ = {
			isa = PBXSourcesBuildPhase;
			buildActionMask = 2147483647;
			files = (
				A484AE711D4FBD0C00ED9305 /* ContactsWrapperTests.m in Sources */,
			);
			runOnlyForDeploymentPostprocessing = 0;
		};
		A4E4A6021DF88D4500CD88C8 /* Sources */ = {
			isa = PBXSourcesBuildPhase;
			buildActionMask = 2147483647;
			files = (
				A4E4A6151DF88D4D00CD88C8 /* ContactsWrapper.m in Sources */,
			);
			runOnlyForDeploymentPostprocessing = 0;
		};
/* End PBXSourcesBuildPhase section */

/* Begin PBXTargetDependency section */
		A484AE6E1D4FBD0C00ED9305 /* PBXTargetDependency */ = {
			isa = PBXTargetDependency;
			target = A484AE521D4FBD0C00ED9305 /* ContactsWrapper */;
			targetProxy = A484AE6D1D4FBD0C00ED9305 /* PBXContainerItemProxy */;
		};
		A4E4A60D1DF88D4500CD88C8 /* PBXTargetDependency */ = {
			isa = PBXTargetDependency;
			target = A4E4A6061DF88D4500CD88C8 /* ContactsWrapperFramework */;
			targetProxy = A4E4A60C1DF88D4500CD88C8 /* PBXContainerItemProxy */;
		};
/* End PBXTargetDependency section */

/* Begin PBXVariantGroup section */
		A484AE5F1D4FBD0C00ED9305 /* Main.storyboard */ = {
			isa = PBXVariantGroup;
			children = (
				A484AE601D4FBD0C00ED9305 /* Base */,
			);
			name = Main.storyboard;
			sourceTree = "<group>";
		};
		A484AE641D4FBD0C00ED9305 /* LaunchScreen.storyboard */ = {
			isa = PBXVariantGroup;
			children = (
				A484AE651D4FBD0C00ED9305 /* Base */,
			);
			name = LaunchScreen.storyboard;
			sourceTree = "<group>";
		};
/* End PBXVariantGroup section */

/* Begin XCBuildConfiguration section */
		A484AE731D4FBD0C00ED9305 /* Debug */ = {
			isa = XCBuildConfiguration;
			buildSettings = {
				ALWAYS_SEARCH_USER_PATHS = NO;
				CLANG_ANALYZER_NONNULL = YES;
				CLANG_CXX_LANGUAGE_STANDARD = "gnu++0x";
				CLANG_CXX_LIBRARY = "libc++";
				CLANG_ENABLE_CODE_COVERAGE = YES;
				CLANG_ENABLE_MODULES = YES;
				CLANG_ENABLE_OBJC_ARC = YES;
				CLANG_WARN_BLOCK_CAPTURE_AUTORELEASING = YES;
				CLANG_WARN_BOOL_CONVERSION = YES;
				CLANG_WARN_COMMA = YES;
				CLANG_WARN_CONSTANT_CONVERSION = YES;
				CLANG_WARN_DIRECT_OBJC_ISA_USAGE = YES_ERROR;
				CLANG_WARN_EMPTY_BODY = YES;
				CLANG_WARN_ENUM_CONVERSION = YES;
				CLANG_WARN_INFINITE_RECURSION = YES;
				CLANG_WARN_INT_CONVERSION = YES;
				CLANG_WARN_NON_LITERAL_NULL_CONVERSION = YES;
				CLANG_WARN_OBJC_LITERAL_CONVERSION = YES;
				CLANG_WARN_OBJC_ROOT_CLASS = YES_ERROR;
				CLANG_WARN_RANGE_LOOP_ANALYSIS = YES;
				CLANG_WARN_STRICT_PROTOTYPES = YES;
				CLANG_WARN_SUSPICIOUS_MOVE = YES;
				CLANG_WARN_UNREACHABLE_CODE = YES;
				CLANG_WARN__DUPLICATE_METHOD_MATCH = YES;
				"CODE_SIGN_IDENTITY[sdk=iphoneos*]" = "iPhone Developer";
				COPY_PHASE_STRIP = NO;
				DEBUG_INFORMATION_FORMAT = dwarf;
				ENABLE_STRICT_OBJC_MSGSEND = YES;
				ENABLE_TESTABILITY = YES;
				GCC_C_LANGUAGE_STANDARD = gnu99;
				GCC_DYNAMIC_NO_PIC = NO;
				GCC_NO_COMMON_BLOCKS = YES;
				GCC_OPTIMIZATION_LEVEL = 0;
				GCC_PREPROCESSOR_DEFINITIONS = (
					"DEBUG=1",
					"$(inherited)",
				);
				GCC_WARN_64_TO_32_BIT_CONVERSION = YES;
				GCC_WARN_ABOUT_RETURN_TYPE = YES_ERROR;
				GCC_WARN_UNDECLARED_SELECTOR = YES;
				GCC_WARN_UNINITIALIZED_AUTOS = YES_AGGRESSIVE;
				GCC_WARN_UNUSED_FUNCTION = YES;
				GCC_WARN_UNUSED_VARIABLE = YES;
				IPHONEOS_DEPLOYMENT_TARGET = 9.0;
				MTL_ENABLE_DEBUG_INFO = YES;
				ONLY_ACTIVE_ARCH = YES;
				SDKROOT = iphoneos;
				TARGETED_DEVICE_FAMILY = "1,2";
			};
			name = Debug;
		};
		A484AE741D4FBD0C00ED9305 /* Release */ = {
			isa = XCBuildConfiguration;
			buildSettings = {
				ALWAYS_SEARCH_USER_PATHS = NO;
				CLANG_ANALYZER_NONNULL = YES;
				CLANG_CXX_LANGUAGE_STANDARD = "gnu++0x";
				CLANG_CXX_LIBRARY = "libc++";
				CLANG_ENABLE_CODE_COVERAGE = YES;
				CLANG_ENABLE_MODULES = YES;
				CLANG_ENABLE_OBJC_ARC = YES;
				CLANG_WARN_BLOCK_CAPTURE_AUTORELEASING = YES;
				CLANG_WARN_BOOL_CONVERSION = YES;
				CLANG_WARN_COMMA = YES;
				CLANG_WARN_CONSTANT_CONVERSION = YES;
				CLANG_WARN_DIRECT_OBJC_ISA_USAGE = YES_ERROR;
				CLANG_WARN_EMPTY_BODY = YES;
				CLANG_WARN_ENUM_CONVERSION = YES;
				CLANG_WARN_INFINITE_RECURSION = YES;
				CLANG_WARN_INT_CONVERSION = YES;
				CLANG_WARN_NON_LITERAL_NULL_CONVERSION = YES;
				CLANG_WARN_OBJC_LITERAL_CONVERSION = YES;
				CLANG_WARN_OBJC_ROOT_CLASS = YES_ERROR;
				CLANG_WARN_RANGE_LOOP_ANALYSIS = YES;
				CLANG_WARN_STRICT_PROTOTYPES = YES;
				CLANG_WARN_SUSPICIOUS_MOVE = YES;
				CLANG_WARN_UNREACHABLE_CODE = YES;
				CLANG_WARN__DUPLICATE_METHOD_MATCH = YES;
				"CODE_SIGN_IDENTITY[sdk=iphoneos*]" = "iPhone Developer";
				COPY_PHASE_STRIP = NO;
				DEBUG_INFORMATION_FORMAT = "dwarf-with-dsym";
				ENABLE_NS_ASSERTIONS = NO;
				ENABLE_STRICT_OBJC_MSGSEND = YES;
				GCC_C_LANGUAGE_STANDARD = gnu99;
				GCC_NO_COMMON_BLOCKS = YES;
				GCC_WARN_64_TO_32_BIT_CONVERSION = YES;
				GCC_WARN_ABOUT_RETURN_TYPE = YES_ERROR;
				GCC_WARN_UNDECLARED_SELECTOR = YES;
				GCC_WARN_UNINITIALIZED_AUTOS = YES_AGGRESSIVE;
				GCC_WARN_UNUSED_FUNCTION = YES;
				GCC_WARN_UNUSED_VARIABLE = YES;
				IPHONEOS_DEPLOYMENT_TARGET = 9.0;
				MTL_ENABLE_DEBUG_INFO = NO;
				SDKROOT = iphoneos;
				TARGETED_DEVICE_FAMILY = "1,2";
				VALIDATE_PRODUCT = YES;
			};
			name = Release;
		};
		A484AE761D4FBD0C00ED9305 /* Debug */ = {
			isa = XCBuildConfiguration;
			baseConfigurationReference = 390F2C2D2907318CFF18B955 /* Pods-ContactsWrapper.debug.xcconfig */;
			buildSettings = {
				ASSETCATALOG_COMPILER_APPICON_NAME = AppIcon;
				CODE_SIGN_IDENTITY = "iPhone Developer";
				"CODE_SIGN_IDENTITY[sdk=iphoneos*]" = "iPhone Developer";
				INFOPLIST_FILE = ContactsWrapper/Info.plist;
				IPHONEOS_DEPLOYMENT_TARGET = 9.0;
				LD_RUNPATH_SEARCH_PATHS = "$(inherited) @executable_path/Frameworks";
				PRODUCT_BUNDLE_IDENTIFIER = com.abdullahselek.ContactsWrapper;
				PRODUCT_NAME = "$(TARGET_NAME)";
				PROVISIONING_PROFILE = "";
			};
			name = Debug;
		};
		A484AE771D4FBD0C00ED9305 /* Release */ = {
			isa = XCBuildConfiguration;
			baseConfigurationReference = 25EBA6191C78548C584ACC73 /* Pods-ContactsWrapper.release.xcconfig */;
			buildSettings = {
				ASSETCATALOG_COMPILER_APPICON_NAME = AppIcon;
				CODE_SIGN_IDENTITY = "iPhone Developer";
				"CODE_SIGN_IDENTITY[sdk=iphoneos*]" = "iPhone Developer";
				INFOPLIST_FILE = ContactsWrapper/Info.plist;
				IPHONEOS_DEPLOYMENT_TARGET = 9.0;
				LD_RUNPATH_SEARCH_PATHS = "$(inherited) @executable_path/Frameworks";
				PRODUCT_BUNDLE_IDENTIFIER = com.abdullahselek.ContactsWrapper;
				PRODUCT_NAME = "$(TARGET_NAME)";
				PROVISIONING_PROFILE = "";
			};
			name = Release;
		};
		A484AE791D4FBD0C00ED9305 /* Debug */ = {
			isa = XCBuildConfiguration;
			baseConfigurationReference = F21EEBE81D1BE4B05FBEDC62 /* Pods-ContactsWrapperTests.debug.xcconfig */;
			buildSettings = {
				ALWAYS_EMBED_SWIFT_STANDARD_LIBRARIES = YES;
				BUNDLE_LOADER = "$(TEST_HOST)";
				INFOPLIST_FILE = ContactsWrapperTests/Info.plist;
				LD_RUNPATH_SEARCH_PATHS = "$(inherited) @executable_path/Frameworks @loader_path/Frameworks";
				PRODUCT_BUNDLE_IDENTIFIER = com.abdullahselek.ContactsWrapperTests;
				PRODUCT_NAME = "$(TARGET_NAME)";
				TEST_HOST = "$(BUILT_PRODUCTS_DIR)/ContactsWrapper.app/ContactsWrapper";
			};
			name = Debug;
		};
		A484AE7A1D4FBD0C00ED9305 /* Release */ = {
			isa = XCBuildConfiguration;
			baseConfigurationReference = F97E5DAEDEEA09752BF1D106 /* Pods-ContactsWrapperTests.release.xcconfig */;
			buildSettings = {
				ALWAYS_EMBED_SWIFT_STANDARD_LIBRARIES = YES;
				BUNDLE_LOADER = "$(TEST_HOST)";
				INFOPLIST_FILE = ContactsWrapperTests/Info.plist;
				LD_RUNPATH_SEARCH_PATHS = "$(inherited) @executable_path/Frameworks @loader_path/Frameworks";
				PRODUCT_BUNDLE_IDENTIFIER = com.abdullahselek.ContactsWrapperTests;
				PRODUCT_NAME = "$(TARGET_NAME)";
				TEST_HOST = "$(BUILT_PRODUCTS_DIR)/ContactsWrapper.app/ContactsWrapper";
			};
			name = Release;
		};
		A4E4A6111DF88D4500CD88C8 /* Debug */ = {
			isa = XCBuildConfiguration;
			buildSettings = {
				CLANG_WARN_DOCUMENTATION_COMMENTS = YES;
				CLANG_WARN_SUSPICIOUS_MOVES = YES;
				CODE_SIGN_IDENTITY = "iPhone Developer";
				"CODE_SIGN_IDENTITY[sdk=iphoneos*]" = "";
				CURRENT_PROJECT_VERSION = 1;
				DEFINES_MODULE = YES;
				DYLIB_COMPATIBILITY_VERSION = 1;
				DYLIB_CURRENT_VERSION = 1;
				DYLIB_INSTALL_NAME_BASE = "@rpath";
				INFOPLIST_FILE = ContactsWrapperFramework/Info.plist;
				INSTALL_PATH = "$(LOCAL_LIBRARY_DIR)/Frameworks";
				IPHONEOS_DEPLOYMENT_TARGET = 10.1;
				LD_RUNPATH_SEARCH_PATHS = "$(inherited) @executable_path/Frameworks @loader_path/Frameworks";
				PRODUCT_BUNDLE_IDENTIFIER = com.abdullahselek.ContactsWrapperFramework;
				PRODUCT_NAME = "$(TARGET_NAME)";
				SKIP_INSTALL = YES;
				VERSIONING_SYSTEM = "apple-generic";
				VERSION_INFO_PREFIX = "";
			};
			name = Debug;
		};
		A4E4A6121DF88D4500CD88C8 /* Release */ = {
			isa = XCBuildConfiguration;
			buildSettings = {
				CLANG_WARN_DOCUMENTATION_COMMENTS = YES;
				CLANG_WARN_SUSPICIOUS_MOVES = YES;
				CODE_SIGN_IDENTITY = "iPhone Developer";
				"CODE_SIGN_IDENTITY[sdk=iphoneos*]" = "";
				CURRENT_PROJECT_VERSION = 1;
				DEFINES_MODULE = YES;
				DYLIB_COMPATIBILITY_VERSION = 1;
				DYLIB_CURRENT_VERSION = 1;
				DYLIB_INSTALL_NAME_BASE = "@rpath";
				INFOPLIST_FILE = ContactsWrapperFramework/Info.plist;
				INSTALL_PATH = "$(LOCAL_LIBRARY_DIR)/Frameworks";
				IPHONEOS_DEPLOYMENT_TARGET = 10.1;
				LD_RUNPATH_SEARCH_PATHS = "$(inherited) @executable_path/Frameworks @loader_path/Frameworks";
				PRODUCT_BUNDLE_IDENTIFIER = com.abdullahselek.ContactsWrapperFramework;
				PRODUCT_NAME = "$(TARGET_NAME)";
				SKIP_INSTALL = YES;
				VERSIONING_SYSTEM = "apple-generic";
				VERSION_INFO_PREFIX = "";
			};
			name = Release;
		};
/* End XCBuildConfiguration section */

/* Begin XCConfigurationList section */
		A484AE4E1D4FBD0C00ED9305 /* Build configuration list for PBXProject "ContactsWrapper" */ = {
			isa = XCConfigurationList;
			buildConfigurations = (
				A484AE731D4FBD0C00ED9305 /* Debug */,
				A484AE741D4FBD0C00ED9305 /* Release */,
			);
			defaultConfigurationIsVisible = 0;
			defaultConfigurationName = Release;
		};
		A484AE751D4FBD0C00ED9305 /* Build configuration list for PBXNativeTarget "ContactsWrapper" */ = {
			isa = XCConfigurationList;
			buildConfigurations = (
				A484AE761D4FBD0C00ED9305 /* Debug */,
				A484AE771D4FBD0C00ED9305 /* Release */,
			);
			defaultConfigurationIsVisible = 0;
			defaultConfigurationName = Release;
		};
		A484AE781D4FBD0C00ED9305 /* Build configuration list for PBXNativeTarget "ContactsWrapperTests" */ = {
			isa = XCConfigurationList;
			buildConfigurations = (
				A484AE791D4FBD0C00ED9305 /* Debug */,
				A484AE7A1D4FBD0C00ED9305 /* Release */,
			);
			defaultConfigurationIsVisible = 0;
			defaultConfigurationName = Release;
		};
		A4E4A6131DF88D4500CD88C8 /* Build configuration list for PBXNativeTarget "ContactsWrapperFramework" */ = {
			isa = XCConfigurationList;
			buildConfigurations = (
				A4E4A6111DF88D4500CD88C8 /* Debug */,
				A4E4A6121DF88D4500CD88C8 /* Release */,
			);
			defaultConfigurationIsVisible = 0;
			defaultConfigurationName = Release;
		};
/* End XCConfigurationList section */
	};
	rootObject = A484AE4B1D4FBD0C00ED9305 /* Project object */;
}
